
Microsoft Visual Studio Solution File, Format Version 12.00
# Visual Studio Version 17
VisualStudioVersion = 17.0.31903.59
MinimumVisualStudioVersion = 10.0.40219.1
Project("{2150E333-8FDC-42A3-9474-1A3956D46DE8}") = "src", "src", "{B35487BE-1938-450B-9C58-D6FCEB9C296D}"
EndProject
Project("{FAE04EC0-301F-11D3-BF4B-00C04F79EFBC}") = "Fatturazione.Api", "src\Fatturazione.Api\Fatturazione.Api.csproj", "{BD49C0DC-BC42-4BC0-B4DF-246CC231EE48}"
EndProject
Project("{FAE04EC0-301F-11D3-BF4B-00C04F79EFBC}") = "Fatturazione.Domain", "src\Fatturazione.Domain\Fatturazione.Domain.csproj", "{6B4398C2-82FB-40B1-AC53-E50AC68082CF}"
EndProject
Project("{FAE04EC0-301F-11D3-BF4B-00C04F79EFBC}") = "Fatturazione.Infrastructure", "src\Fatturazione.Infrastructure\Fatturazione.Infrastructure.csproj", "{3A47A8EF-9102-4745-9577-AFC4A3089E41}"
EndProject
Project("{2150E333-8FDC-42A3-9474-1A3956D46DE8}") = "tests", "tests", "{4F1E40D7-39AA-4B0F-A85B-51ACCEF8E1C0}"
EndProject
Project("{FAE04EC0-301F-11D3-BF4B-00C04F79EFBC}") = "Fatturazione.Domain.Tests", "tests\Fatturazione.Domain.Tests\Fatturazione.Domain.Tests.csproj", "{CF0F8E42-6663-4BDA-AC9E-AEC96C42823D}"
EndProject
Project("{FAE04EC0-301F-11D3-BF4B-00C04F79EFBC}") = "Fatturazione.Api.Tests", "tests\Fatturazione.Api.Tests\Fatturazione.Api.Tests.csproj", "{996B52AD-8F92-43D0-8F7F-624C32654F77}"
EndProject
Global
	GlobalSection(SolutionConfigurationPlatforms) = preSolution
		Debug|Any CPU = Debug|Any CPU
		Release|Any CPU = Release|Any CPU
	EndGlobalSection
	GlobalSection(SolutionProperties) = preSolution
		HideSolutionNode = FALSE
	EndGlobalSection
	GlobalSection(ProjectConfigurationPlatforms) = postSolution
		{BD49C0DC-BC42-4BC0-B4DF-246CC231EE48}.Debug|Any CPU.ActiveCfg = Debug|Any CPU
		{BD49C0DC-BC42-4BC0-B4DF-246CC231EE48}.Debug|Any CPU.Build.0 = Debug|Any CPU
		{BD49C0DC-BC42-4BC0-B4DF-246CC231EE48}.Release|Any CPU.ActiveCfg = Release|Any CPU
		{BD49C0DC-BC42-4BC0-B4DF-246CC231EE48}.Release|Any CPU.Build.0 = Release|Any CPU
		{6B4398C2-82FB-40B1-AC53-E50AC68082CF}.Debug|Any CPU.ActiveCfg = Debug|Any CPU
		{6B4398C2-82FB-40B1-AC53-E50AC68082CF}.Debug|Any CPU.Build.0 = Debug|Any CPU
		{6B4398C2-82FB-40B1-AC53-E50AC68082CF}.Release|Any CPU.ActiveCfg = Release|Any CPU
		{6B4398C2-82FB-40B1-AC53-E50AC68082CF}.Release|Any CPU.Build.0 = Release|Any CPU
		{3A47A8EF-9102-4745-9577-AFC4A3089E41}.Debug|Any CPU.ActiveCfg = Debug|Any CPU
		{3A47A8EF-9102-4745-9577-AFC4A3089E41}.Debug|Any CPU.Build.0 = Debug|Any CPU
		{3A47A8EF-9102-4745-9577-AFC4A3089E41}.Release|Any CPU.ActiveCfg = Release|Any CPU
		{3A47A8EF-9102-4745-9577-AFC4A3089E41}.Release|Any CPU.Build.0 = Release|Any CPU
		{CF0F8E42-6663-4BDA-AC9E-AEC96C42823D}.Debug|Any CPU.ActiveCfg = Debug|Any CPU
		{CF0F8E42-6663-4BDA-AC9E-AEC96C42823D}.Debug|Any CPU.Build.0 = Debug|Any CPU
		{CF0F8E42-6663-4BDA-AC9E-AEC96C42823D}.Release|Any CPU.ActiveCfg = Release|Any CPU
		{CF0F8E42-6663-4BDA-AC9E-AEC96C42823D}.Release|Any CPU.Build.0 = Release|Any CPU
		{996B52AD-8F92-43D0-8F7F-624C32654F77}.Debug|Any CPU.ActiveCfg = Debug|Any CPU
		{996B52AD-8F92-43D0-8F7F-624C32654F77}.Debug|Any CPU.Build.0 = Debug|Any CPU
		{996B52AD-8F92-43D0-8F7F-624C32654F77}.Release|Any CPU.ActiveCfg = Release|Any CPU
		{996B52AD-8F92-43D0-8F7F-624C32654F77}.Release|Any CPU.Build.0 = Release|Any CPU
	EndGlobalSection
	GlobalSection(NestedProjects) = preSolution
		{BD49C0DC-BC42-4BC0-B4DF-246CC231EE48} = {B35487BE-1938-450B-9C58-D6FCEB9C296D}
		{6B4398C2-82FB-40B1-AC53-E50AC68082CF} = {B35487BE-1938-450B-9C58-D6FCEB9C296D}
		{3A47A8EF-9102-4745-9577-AFC4A3089E41} = {B35487BE-1938-450B-9C58-D6FCEB9C296D}
		{CF0F8E42-6663-4BDA-AC9E-AEC96C42823D} = {4F1E40D7-39AA-4B0F-A85B-51ACCEF8E1C0}
		{996B52AD-8F92-43D0-8F7F-624C32654F77} = {4F1E40D7-39AA-4B0F-A85B-51ACCEF8E1C0}
	EndGlobalSection
EndGlobal
